// !$*UTF8*$!
{
	archiveVersion = 1;
	classes = {
	};
	objectVersion = 50;
	objects = {

/* Begin PBXBuildFile section */
		9B6C3A8023CE632E007B64FE /* AppDelegate.swift in Sources */ = {isa = PBXBuildFile; fileRef = 9B6C3A7F23CE632E007B64FE /* AppDelegate.swift */; };
		9B6C3A8223CE632E007B64FE /* SceneDelegate.swift in Sources */ = {isa = PBXBuildFile; fileRef = 9B6C3A8123CE632E007B64FE /* SceneDelegate.swift */; };
		9B6C3A8423CE632E007B64FE /* ViewController.swift in Sources */ = {isa = PBXBuildFile; fileRef = 9B6C3A8323CE632E007B64FE /* ViewController.swift */; };
		9B6C3A8723CE632E007B64FE /* Main.storyboard in Resources */ = {isa = PBXBuildFile; fileRef = 9B6C3A8523CE632E007B64FE /* Main.storyboard */; };
		9B6C3A8923CE6330007B64FE /* Assets.xcassets in Resources */ = {isa = PBXBuildFile; fileRef = 9B6C3A8823CE6330007B64FE /* Assets.xcassets */; };
		9B6C3A8C23CE6330007B64FE /* LaunchScreen.storyboard in Resources */ = {isa = PBXBuildFile; fileRef = 9B6C3A8A23CE6330007B64FE /* LaunchScreen.storyboard */; };
		9B6C3A9723CE6330007B64FE /* C0757769_LabAssignment1Tests.swift in Sources */ = {isa = PBXBuildFile; fileRef = 9B6C3A9623CE6330007B64FE /* C0757769_LabAssignment1Tests.swift */; };
		9B6C3AA223CE6330007B64FE /* C0757769_LabAssignment1UITests.swift in Sources */ = {isa = PBXBuildFile; fileRef = 9B6C3AA123CE6330007B64FE /* C0757769_LabAssignment1UITests.swift */; };
		9B6C3AB023CE660D007B64FE /* locationButton@3x.png in Resources */ = {isa = PBXBuildFile; fileRef = 9B6C3AAF23CE660D007B64FE /* locationButton@3x.png */; };
/* End PBXBuildFile section */

/* Begin PBXContainerItemProxy section */
		9B6C3A9323CE6330007B64FE /* PBXContainerItemProxy */ = {
			isa = PBXContainerItemProxy;
			containerPortal = 9B6C3A7423CE632E007B64FE /* Project object */;
			proxyType = 1;
			remoteGlobalIDString = 9B6C3A7B23CE632E007B64FE;
			remoteInfo = C0757769_LabAssignment1;
		};
		9B6C3A9E23CE6330007B64FE /* PBXContainerItemProxy */ = {
			isa = PBXContainerItemProxy;
			containerPortal = 9B6C3A7423CE632E007B64FE /* Project object */;
			proxyType = 1;
			remoteGlobalIDString = 9B6C3A7B23CE632E007B64FE;
			remoteInfo = C0757769_LabAssignment1;
		};
/* End PBXContainerItemProxy section */

/* Begin PBXFileReference section */
		9B6C3A7C23CE632E007B64FE /* C0757769_LabAssignment1.app */ = {isa = PBXFileReference; explicitFileType = wrapper.application; includeInIndex = 0; path = C0757769_LabAssignment1.app; sourceTree = BUILT_PRODUCTS_DIR; };
		9B6C3A7F23CE632E007B64FE /* AppDelegate.swift */ = {isa = PBXFileReference; lastKnownFileType = sourcecode.swift; path = AppDelegate.swift; sourceTree = "<group>"; };
		9B6C3A8123CE632E007B64FE /* SceneDelegate.swift */ = {isa = PBXFileReference; lastKnownFileType = sourcecode.swift; path = SceneDelegate.swift; sourceTree = "<group>"; };
		9B6C3A8323CE632E007B64FE /* ViewController.swift */ = {isa = PBXFileReference; lastKnownFileType = sourcecode.swift; path = ViewController.swift; sourceTree = "<group>"; };
		9B6C3A8623CE632E007B64FE /* Base */ = {isa = PBXFileReference; lastKnownFileType = file.storyboard; name = Base; path = Base.lproj/Main.storyboard; sourceTree = "<group>"; };
		9B6C3A8823CE6330007B64FE /* Assets.xcassets */ = {isa = PBXFileReference; lastKnownFileType = folder.assetcatalog; path = Assets.xcassets; sourceTree = "<group>"; };
		9B6C3A8B23CE6330007B64FE /* Base */ = {isa = PBXFileReference; lastKnownFileType = file.storyboard; name = Base; path = Base.lproj/LaunchScreen.storyboard; sourceTree = "<group>"; };
		9B6C3A8D23CE6330007B64FE /* Info.plist */ = {isa = PBXFileReference; lastKnownFileType = text.plist.xml; path = Info.plist; sourceTree = "<group>"; };
		9B6C3A9223CE6330007B64FE /* C0757769_LabAssignment1Tests.xctest */ = {isa = PBXFileReference; explicitFileType = wrapper.cfbundle; includeInIndex = 0; path = C0757769_LabAssignment1Tests.xctest; sourceTree = BUILT_PRODUCTS_DIR; };
		9B6C3A9623CE6330007B64FE /* C0757769_LabAssignment1Tests.swift */ = {isa = PBXFileReference; lastKnownFileType = sourcecode.swift; path = C0757769_LabAssignment1Tests.swift; sourceTree = "<group>"; };
		9B6C3A9823CE6330007B64FE /* Info.plist */ = {isa = PBXFileReference; lastKnownFileType = text.plist.xml; path = Info.plist; sourceTree = "<group>"; };
		9B6C3A9D23CE6330007B64FE /* C0757769_LabAssignment1UITests.xctest */ = {isa = PBXFileReference; explicitFileType = wrapper.cfbundle; includeInIndex = 0; path = C0757769_LabAssignment1UITests.xctest; sourceTree = BUILT_PRODUCTS_DIR; };
		9B6C3AA123CE6330007B64FE /* C0757769_LabAssignment1UITests.swift */ = {isa = PBXFileReference; lastKnownFileType = sourcecode.swift; path = C0757769_LabAssignment1UITests.swift; sourceTree = "<group>"; };
		9B6C3AA323CE6330007B64FE /* Info.plist */ = {isa = PBXFileReference; lastKnownFileType = text.plist.xml; path = Info.plist; sourceTree = "<group>"; };
		9B6C3AAF23CE660D007B64FE /* locationButton@3x.png */ = {isa = PBXFileReference; lastKnownFileType = image.png; name = "locationButton@3x.png"; path = "../../../Downloads/locationButton@3x.png"; sourceTree = "<group>"; };
/* End PBXFileReference section */

/* Begin PBXFrameworksBuildPhase section */
		9B6C3A7923CE632E007B64FE /* Frameworks */ = {
			isa = PBXFrameworksBuildPhase;
			buildActionMask = 2147483647;
			files = (
			);
			runOnlyForDeploymentPostprocessing = 0;
		};
		9B6C3A8F23CE6330007B64FE /* Frameworks */ = {
			isa = PBXFrameworksBuildPhase;
			buildActionMask = 2147483647;
			files = (
			);
			runOnlyForDeploymentPostprocessing = 0;
		};
		9B6C3A9A23CE6330007B64FE /* Frameworks */ = {
			isa = PBXFrameworksBuildPhase;
			buildActionMask = 2147483647;
			files = (
			);
			runOnlyForDeploymentPostprocessing = 0;
		};
/* End PBXFrameworksBuildPhase section */

/* Begin PBXGroup section */
		9B6C3A7323CE632E007B64FE = {
			isa = PBXGroup;
			children = (
				9B6C3A7E23CE632E007B64FE /* C0757769_LabAssignment1 */,
				9B6C3A9523CE6330007B64FE /* C0757769_LabAssignment1Tests */,
				9B6C3AA023CE6330007B64FE /* C0757769_LabAssignment1UITests */,
				9B6C3A7D23CE632E007B64FE /* Products */,
			);
			sourceTree = "<group>";
		};
		9B6C3A7D23CE632E007B64FE /* Products */ = {
			isa = PBXGroup;
			children = (
				9B6C3A7C23CE632E007B64FE /* C0757769_LabAssignment1.app */,
				9B6C3A9223CE6330007B64FE /* C0757769_LabAssignment1Tests.xctest */,
				9B6C3A9D23CE6330007B64FE /* C0757769_LabAssignment1UITests.xctest */,
			);
			name = Products;
			sourceTree = "<group>";
		};
		9B6C3A7E23CE632E007B64FE /* C0757769_LabAssignment1 */ = {
			isa = PBXGroup;
			children = (
				9B6C3A7F23CE632E007B64FE /* AppDelegate.swift */,
				9B6C3A8123CE632E007B64FE /* SceneDelegate.swift */,
				9B6C3A8323CE632E007B64FE /* ViewController.swift */,
				9B6C3A8523CE632E007B64FE /* Main.storyboard */,
				9B6C3A8823CE6330007B64FE /* Assets.xcassets */,
				9B6C3AAF23CE660D007B64FE /* locationButton@3x.png */,
				9B6C3A8A23CE6330007B64FE /* LaunchScreen.storyboard */,
				9B6C3A8D23CE6330007B64FE /* Info.plist */,
			);
			path = C0757769_LabAssignment1;
			sourceTree = "<group>";
		};
		9B6C3A9523CE6330007B64FE /* C0757769_LabAssignment1Tests */ = {
			isa = PBXGroup;
			children = (
				9B6C3A9623CE6330007B64FE /* C0757769_LabAssignment1Tests.swift */,
				9B6C3A9823CE6330007B64FE /* Info.plist */,
			);
			path = C0757769_LabAssignment1Tests;
			sourceTree = "<group>";
		};
		9B6C3AA023CE6330007B64FE /* C0757769_LabAssignment1UITests */ = {
			isa = PBXGroup;
			children = (
				9B6C3AA123CE6330007B64FE /* C0757769_LabAssignment1UITests.swift */,
				9B6C3AA323CE6330007B64FE /* Info.plist */,
			);
			path = C0757769_LabAssignment1UITests;
			sourceTree = "<group>";
		};
/* End PBXGroup section */

/* Begin PBXNativeTarget section */
		9B6C3A7B23CE632E007B64FE /* C0757769_LabAssignment1 */ = {
			isa = PBXNativeTarget;
			buildConfigurationList = 9B6C3AA623CE6330007B64FE /* Build configuration list for PBXNativeTarget "C0757769_LabAssignment1" */;
			buildPhases = (
				9B6C3A7823CE632E007B64FE /* Sources */,
				9B6C3A7923CE632E007B64FE /* Frameworks */,
				9B6C3A7A23CE632E007B64FE /* Resources */,
			);
			buildRules = (
			);
			dependencies = (
			);
			name = C0757769_LabAssignment1;
			productName = C0757769_LabAssignment1;
			productReference = 9B6C3A7C23CE632E007B64FE /* C0757769_LabAssignment1.app */;
			productType = "com.apple.product-type.application";
		};
		9B6C3A9123CE6330007B64FE /* C0757769_LabAssignment1Tests */ = {
			isa = PBXNativeTarget;
			buildConfigurationList = 9B6C3AA923CE6330007B64FE /* Build configuration list for PBXNativeTarget "C0757769_LabAssignment1Tests" */;
			buildPhases = (
				9B6C3A8E23CE6330007B64FE /* Sources */,
				9B6C3A8F23CE6330007B64FE /* Frameworks */,
				9B6C3A9023CE6330007B64FE /* Resources */,
			);
			buildRules = (
			);
			dependencies = (
				9B6C3A9423CE6330007B64FE /* PBXTargetDependency */,
			);
			name = C0757769_LabAssignment1Tests;
			productName = C0757769_LabAssignment1Tests;
			productReference = 9B6C3A9223CE6330007B64FE /* C0757769_LabAssignment1Tests.xctest */;
			productType = "com.apple.product-type.bundle.unit-test";
		};
		9B6C3A9C23CE6330007B64FE /* C0757769_LabAssignment1UITests */ = {
			isa = PBXNativeTarget;
			buildConfigurationList = 9B6C3AAC23CE6330007B64FE /* Build configuration list for PBXNativeTarget "C0757769_LabAssignment1UITests" */;
			buildPhases = (
				9B6C3A9923CE6330007B64FE /* Sources */,
				9B6C3A9A23CE6330007B64FE /* Frameworks */,
				9B6C3A9B23CE6330007B64FE /* Resources */,
			);
			buildRules = (
			);
			dependencies = (
				9B6C3A9F23CE6330007B64FE /* PBXTargetDependency */,
			);
			name = C0757769_LabAssignment1UITests;
			productName = C0757769_LabAssignment1UITests;
			productReference = 9B6C3A9D23CE6330007B64FE /* C0757769_LabAssignment1UITests.xctest */;
			productType = "com.apple.product-type.bundle.ui-testing";
		};
/* End PBXNativeTarget section */

/* Begin PBXProject section */
		9B6C3A7423CE632E007B64FE /* Project object */ = {
			isa = PBXProject;
			attributes = {
				LastSwiftUpdateCheck = 1130;
				LastUpgradeCheck = 1130;
				ORGANIZATIONNAME = MacStudent;
				TargetAttributes = {
					9B6C3A7B23CE632E007B64FE = {
						CreatedOnToolsVersion = 11.3;
					};
					9B6C3A9123CE6330007B64FE = {
						CreatedOnToolsVersion = 11.3;
						TestTargetID = 9B6C3A7B23CE632E007B64FE;
					};
					9B6C3A9C23CE6330007B64FE = {
						CreatedOnToolsVersion = 11.3;
						TestTargetID = 9B6C3A7B23CE632E007B64FE;
					};
				};
			};
			buildConfigurationList = 9B6C3A7723CE632E007B64FE /* Build configuration list for PBXProject "C0757769_LabAssignment1" */;
			compatibilityVersion = "Xcode 9.3";
			developmentRegion = en;
			hasScannedForEncodings = 0;
			knownRegions = (
				en,
				Base,
			);
			mainGroup = 9B6C3A7323CE632E007B64FE;
			productRefGroup = 9B6C3A7D23CE632E007B64FE /* Products */;
			projectDirPath = "";
			projectRoot = "";
			targets = (
				9B6C3A7B23CE632E007B64FE /* C0757769_LabAssignment1 */,
				9B6C3A9123CE6330007B64FE /* C0757769_LabAssignment1Tests */,
				9B6C3A9C23CE6330007B64FE /* C0757769_LabAssignment1UITests */,
			);
		};
/* End PBXProject section */

/* Begin PBXResourcesBuildPhase section */
		9B6C3A7A23CE632E007B64FE /* Resources */ = {
			isa = PBXResourcesBuildPhase;
			buildActionMask = 2147483647;
			files = (
				9B6C3AB023CE660D007B64FE /* locationButton@3x.png in Resources */,
				9B6C3A8C23CE6330007B64FE /* LaunchScreen.storyboard in Resources */,
				9B6C3A8923CE6330007B64FE /* Assets.xcassets in Resources */,
				9B6C3A8723CE632E007B64FE /* Main.storyboard in Resources */,
			);
			runOnlyForDeploymentPostprocessing = 0;
		};
		9B6C3A9023CE6330007B64FE /* Resources */ = {
			isa = PBXResourcesBuildPhase;
			buildActionMask = 2147483647;
			files = (
			);
			runOnlyForDeploymentPostprocessing = 0;
		};
		9B6C3A9B23CE6330007B64FE /* Resources */ = {
			isa = PBXResourcesBuildPhase;
			buildActionMask = 2147483647;
			files = (
			);
			runOnlyForDeploymentPostprocessing = 0;
		};
/* End PBXResourcesBuildPhase section */

/* Begin PBXSourcesBuildPhase section */
		9B6C3A7823CE632E007B64FE /* Sources */ = {
			isa = PBXSourcesBuildPhase;
			buildActionMask = 2147483647;
			files = (
				9B6C3A8423CE632E007B64FE /* ViewController.swift in Sources */,
				9B6C3A8023CE632E007B64FE /* AppDelegate.swift in Sources */,
				9B6C3A8223CE632E007B64FE /* SceneDelegate.swift in Sources */,
			);
			runOnlyForDeploymentPostprocessing = 0;
		};
		9B6C3A8E23CE6330007B64FE /* Sources */ = {
			isa = PBXSourcesBuildPhase;
			buildActionMask = 2147483647;
			files = (
				9B6C3A9723CE6330007B64FE /* C0757769_LabAssignment1Tests.swift in Sources */,
			);
			runOnlyForDeploymentPostprocessing = 0;
		};
		9B6C3A9923CE6330007B64FE /* Sources */ = {
			isa = PBXSourcesBuildPhase;
			buildActionMask = 2147483647;
			files = (
				9B6C3AA223CE6330007B64FE /* C0757769_LabAssignment1UITests.swift in Sources */,
			);
			runOnlyForDeploymentPostprocessing = 0;
		};
/* End PBXSourcesBuildPhase section */

/* Begin PBXTargetDependency section */
		9B6C3A9423CE6330007B64FE /* PBXTargetDependency */ = {
			isa = PBXTargetDependency;
			target = 9B6C3A7B23CE632E007B64FE /* C0757769_LabAssignment1 */;
			targetProxy = 9B6C3A9323CE6330007B64FE /* PBXContainerItemProxy */;
		};
		9B6C3A9F23CE6330007B64FE /* PBXTargetDependency */ = {
			isa = PBXTargetDependency;
			target = 9B6C3A7B23CE632E007B64FE /* C0757769_LabAssignment1 */;
			targetProxy = 9B6C3A9E23CE6330007B64FE /* PBXContainerItemProxy */;
		};
/* End PBXTargetDependency section */

/* Begin PBXVariantGroup section */
		9B6C3A8523CE632E007B64FE /* Main.storyboard */ = {
			isa = PBXVariantGroup;
			children = (
				9B6C3A8623CE632E007B64FE /* Base */,
			);
			name = Main.storyboard;
			sourceTree = "<group>";
		};
		9B6C3A8A23CE6330007B64FE /* LaunchScreen.storyboard */ = {
			isa = PBXVariantGroup;
			children = (
				9B6C3A8B23CE6330007B64FE /* Base */,
			);
			name = LaunchScreen.storyboard;
			sourceTree = "<group>";
		};
/* End PBXVariantGroup section */

/* Begin XCBuildConfiguration section */
		9B6C3AA423CE6330007B64FE /* Debug */ = {
			isa = XCBuildConfiguration;
			buildSettings = {
				ALWAYS_SEARCH_USER_PATHS = NO;
				CLANG_ANALYZER_NONNULL = YES;
				CLANG_ANALYZER_NUMBER_OBJECT_CONVERSION = YES_AGGRESSIVE;
				CLANG_CXX_LANGUAGE_STANDARD = "gnu++14";
				CLANG_CXX_LIBRARY = "libc++";
				CLANG_ENABLE_MODULES = YES;
				CLANG_ENABLE_OBJC_ARC = YES;
				CLANG_ENABLE_OBJC_WEAK = YES;
				CLANG_WARN_BLOCK_CAPTURE_AUTORELEASING = YES;
				CLANG_WARN_BOOL_CONVERSION = YES;
				CLANG_WARN_COMMA = YES;
				CLANG_WARN_CONSTANT_CONVERSION = YES;
				CLANG_WARN_DEPRECATED_OBJC_IMPLEMENTATIONS = YES;
				CLANG_WARN_DIRECT_OBJC_ISA_USAGE = YES_ERROR;
				CLANG_WARN_DOCUMENTATION_COMMENTS = YES;
				CLANG_WARN_EMPTY_BODY = YES;
				CLANG_WARN_ENUM_CONVERSION = YES;
				CLANG_WARN_INFINITE_RECURSION = YES;
				CLANG_WARN_INT_CONVERSION = YES;
				CLANG_WARN_NON_LITERAL_NULL_CONVERSION = YES;
				CLANG_WARN_OBJC_IMPLICIT_RETAIN_SELF = YES;
				CLANG_WARN_OBJC_LITERAL_CONVERSION = YES;
				CLANG_WARN_OBJC_ROOT_CLASS = YES_ERROR;
				CLANG_WARN_RANGE_LOOP_ANALYSIS = YES;
				CLANG_WARN_STRICT_PROTOTYPES = YES;
				CLANG_WARN_SUSPICIOUS_MOVE = YES;
				CLANG_WARN_UNGUARDED_AVAILABILITY = YES_AGGRESSIVE;
				CLANG_WARN_UNREACHABLE_CODE = YES;
				CLANG_WARN__DUPLICATE_METHOD_MATCH = YES;
				COPY_PHASE_STRIP = NO;
				DEBUG_INFORMATION_FORMAT = dwarf;
				ENABLE_STRICT_OBJC_MSGSEND = YES;
				ENABLE_TESTABILITY = YES;
				GCC_C_LANGUAGE_STANDARD = gnu11;
				GCC_DYNAMIC_NO_PIC = NO;
				GCC_NO_COMMON_BLOCKS = YES;
				GCC_OPTIMIZATION_LEVEL = 0;
				GCC_PREPROCESSOR_DEFINITIONS = (
					"DEBUG=1",
					"$(inherited)",
				);
				GCC_WARN_64_TO_32_BIT_CONVERSION = YES;
				GCC_WARN_ABOUT_RETURN_TYPE = YES_ERROR;
				GCC_WARN_UNDECLARED_SELECTOR = YES;
				GCC_WARN_UNINITIALIZED_AUTOS = YES_AGGRESSIVE;
				GCC_WARN_UNUSED_FUNCTION = YES;
				GCC_WARN_UNUSED_VARIABLE = YES;
				IPHONEOS_DEPLOYMENT_TARGET = 13.2;
				MTL_ENABLE_DEBUG_INFO = INCLUDE_SOURCE;
				MTL_FAST_MATH = YES;
				ONLY_ACTIVE_ARCH = YES;
				SDKROOT = iphoneos;
				SWIFT_ACTIVE_COMPILATION_CONDITIONS = DEBUG;
				SWIFT_OPTIMIZATION_LEVEL = "-Onone";
			};
			name = Debug;
		};
		9B6C3AA523CE6330007B64FE /* Release */ = {
			isa = XCBuildConfiguration;
			buildSettings = {
				ALWAYS_SEARCH_USER_PATHS = NO;
				CLANG_ANALYZER_NONNULL = YES;
				CLANG_ANALYZER_NUMBER_OBJECT_CONVERSION = YES_AGGRESSIVE;
				CLANG_CXX_LANGUAGE_STANDARD = "gnu++14";
				CLANG_CXX_LIBRARY = "libc++";
				CLANG_ENABLE_MODULES = YES;
				CLANG_ENABLE_OBJC_ARC = YES;
				CLANG_ENABLE_OBJC_WEAK = YES;
				CLANG_WARN_BLOCK_CAPTURE_AUTORELEASING = YES;
				CLANG_WARN_BOOL_CONVERSION = YES;
				CLANG_WARN_COMMA = YES;
				CLANG_WARN_CONSTANT_CONVERSION = YES;
				CLANG_WARN_DEPRECATED_OBJC_IMPLEMENTATIONS = YES;
				CLANG_WARN_DIRECT_OBJC_ISA_USAGE = YES_ERROR;
				CLANG_WARN_DOCUMENTATION_COMMENTS = YES;
				CLANG_WARN_EMPTY_BODY = YES;
				CLANG_WARN_ENUM_CONVERSION = YES;
				CLANG_WARN_INFINITE_RECURSION = YES;
				CLANG_WARN_INT_CONVERSION = YES;
				CLANG_WARN_NON_LITERAL_NULL_CONVERSION = YES;
				CLANG_WARN_OBJC_IMPLICIT_RETAIN_SELF = YES;
				CLANG_WARN_OBJC_LITERAL_CONVERSION = YES;
				CLANG_WARN_OBJC_ROOT_CLASS = YES_ERROR;
				CLANG_WARN_RANGE_LOOP_ANALYSIS = YES;
				CLANG_WARN_STRICT_PROTOTYPES = YES;
				CLANG_WARN_SUSPICIOUS_MOVE = YES;
				CLANG_WARN_UNGUARDED_AVAILABILITY = YES_AGGRESSIVE;
				CLANG_WARN_UNREACHABLE_CODE = YES;
				CLANG_WARN__DUPLICATE_METHOD_MATCH = YES;
				COPY_PHASE_STRIP = NO;
				DEBUG_INFORMATION_FORMAT = "dwarf-with-dsym";
				ENABLE_NS_ASSERTIONS = NO;
				ENABLE_STRICT_OBJC_MSGSEND = YES;
				GCC_C_LANGUAGE_STANDARD = gnu11;
				GCC_NO_COMMON_BLOCKS = YES;
				GCC_WARN_64_TO_32_BIT_CONVERSION = YES;
				GCC_WARN_ABOUT_RETURN_TYPE = YES_ERROR;
				GCC_WARN_UNDECLARED_SELECTOR = YES;
				GCC_WARN_UNINITIALIZED_AUTOS = YES_AGGRESSIVE;
				GCC_WARN_UNUSED_FUNCTION = YES;
				GCC_WARN_UNUSED_VARIABLE = YES;
				IPHONEOS_DEPLOYMENT_TARGET = 13.2;
				MTL_ENABLE_DEBUG_INFO = NO;
				MTL_FAST_MATH = YES;
				SDKROOT = iphoneos;
				SWIFT_COMPILATION_MODE = wholemodule;
				SWIFT_OPTIMIZATION_LEVEL = "-O";
				VALIDATE_PRODUCT = YES;
			};
			name = Release;
		};
		9B6C3AA723CE6330007B64FE /* Debug */ = {
			isa = XCBuildConfiguration;
			buildSettings = {
				ASSETCATALOG_COMPILER_APPICON_NAME = AppIcon;
				CODE_SIGN_STYLE = Automatic;
				DEVELOPMENT_TEAM = F7DRDFF83Q;
				INFOPLIST_FILE = C0757769_LabAssignment1/Info.plist;
				LD_RUNPATH_SEARCH_PATHS = (
					"$(inherited)",
					"@executable_path/Frameworks",
				);
				PRODUCT_BUNDLE_IDENTIFIER = "CestarCollege.C0757769-LabAssignment1";
				PRODUCT_NAME = "$(TARGET_NAME)";
				SWIFT_VERSION = 5.0;
				TARGETED_DEVICE_FAMILY = "1,2";
			};
			name = Debug;
		};
		9B6C3AA823CE6330007B64FE /* Release */ = {
			isa = XCBuildConfiguration;
			buildSettings = {
				ASSETCATALOG_COMPILER_APPICON_NAME = AppIcon;
				CODE_SIGN_STYLE = Automatic;
				DEVELOPMENT_TEAM = F7DRDFF83Q;
				INFOPLIST_FILE = C0757769_LabAssignment1/Info.plist;
				LD_RUNPATH_SEARCH_PATHS = (
					"$(inherited)",
					"@executable_path/Frameworks",
				);
				PRODUCT_BUNDLE_IDENTIFIER = "CestarCollege.C0757769-LabAssignment1";
				PRODUCT_NAME = "$(TARGET_NAME)";
				SWIFT_VERSION = 5.0;
				TARGETED_DEVICE_FAMILY = "1,2";
			};
			name = Release;
		};
		9B6C3AAA23CE6330007B64FE /* Debug */ = {
			isa = XCBuildConfiguration;
			buildSettings = {
				ALWAYS_EMBED_SWIFT_STANDARD_LIBRARIES = YES;
				BUNDLE_LOADER = "$(TEST_HOST)";
				CODE_SIGN_STYLE = Automatic;
				INFOPLIST_FILE = C0757769_LabAssignment1Tests/Info.plist;
				IPHONEOS_DEPLOYMENT_TARGET = 13.2;
				LD_RUNPATH_SEARCH_PATHS = (
					"$(inherited)",
					"@executable_path/Frameworks",
					"@loader_path/Frameworks",
				);
				PRODUCT_BUNDLE_IDENTIFIER = "CestarCollege.C0757769-LabAssignment1Tests";
				PRODUCT_NAME = "$(TARGET_NAME)";
				SWIFT_VERSION = 5.0;
				TARGETED_DEVICE_FAMILY = "1,2";
				TEST_HOST = "$(BUILT_PRODUCTS_DIR)/C0757769_LabAssignment1.app/C0757769_LabAssignment1";
			};
			name = Debug;
		};
		9B6C3AAB23CE6330007B64FE /* Release */ = {
			isa = XCBuildConfiguration;
			buildSettings = {
				ALWAYS_EMBED_SWIFT_STANDARD_LIBRARIES = YES;
				BUNDLE_LOADER = "$(TEST_HOST)";
				CODE_SIGN_STYLE = Automatic;
				INFOPLIST_FILE = C0757769_LabAssignment1Tests/Info.plist;
				IPHONEOS_DEPLOYMENT_TARGET = 13.2;
				LD_RUNPATH_SEARCH_PATHS = (
					"$(inherited)",
					"@executable_path/Frameworks",
					"@loader_path/Frameworks",
				);
				PRODUCT_BUNDLE_IDENTIFIER = "CestarCollege.C0757769-LabAssignment1Tests";
				PRODUCT_NAME = "$(TARGET_NAME)";
				SWIFT_VERSION = 5.0;
				TARGETED_DEVICE_FAMILY = "1,2";
				TEST_HOST = "$(BUILT_PRODUCTS_DIR)/C0757769_LabAssignment1.app/C0757769_LabAssignment1";
			};
			name = Release;
		};
		9B6C3AAD23CE6330007B64FE /* Debug */ = {
			isa = XCBuildConfiguration;
			buildSettings = {
				ALWAYS_EMBED_SWIFT_STANDARD_LIBRARIES = YES;
				CODE_SIGN_STYLE = Automatic;
				INFOPLIST_FILE = C0757769_LabAssignment1UITests/Info.plist;
				LD_RUNPATH_SEARCH_PATHS = (
					"$(inherited)",
					"@executable_path/Frameworks",
					"@loader_path/Frameworks",
				);
				PRODUCT_BUNDLE_IDENTIFIER = "CestarCollege.C0757769-LabAssignment1UITests";
				PRODUCT_NAME = "$(TARGET_NAME)";
				SWIFT_VERSION = 5.0;
				TARGETED_DEVICE_FAMILY = "1,2";
				TEST_TARGET_NAME = C0757769_LabAssignment1;
			};
			name = Debug;
		};
		9B6C3AAE23CE6330007B64FE /* Release */ = {
			isa = XCBuildConfiguration;
			buildSettings = {
				ALWAYS_EMBED_SWIFT_STANDARD_LIBRARIES = YES;
				CODE_SIGN_STYLE = Automatic;
				INFOPLIST_FILE = C0757769_LabAssignment1UITests/Info.plist;
				LD_RUNPATH_SEARCH_PATHS = (
					"$(inherited)",
					"@executable_path/Frameworks",
					"@loader_path/Frameworks",
				);
				PRODUCT_BUNDLE_IDENTIFIER = "CestarCollege.C0757769-LabAssignment1UITests";
				PRODUCT_NAME = "$(TARGET_NAME)";
				SWIFT_VERSION = 5.0;
				TARGETED_DEVICE_FAMILY = "1,2";
				TEST_TARGET_NAME = C0757769_LabAssignment1;
			};
			name = Release;
		};
/* End XCBuildConfiguration section */

/* Begin XCConfigurationList section */
		9B6C3A7723CE632E007B64FE /* Build configuration list for PBXProject "C0757769_LabAssignment1" */ = {
			isa = XCConfigurationList;
			buildConfigurations = (
				9B6C3AA423CE6330007B64FE /* Debug */,
				9B6C3AA523CE6330007B64FE /* Release */,
			);
			defaultConfigurationIsVisible = 0;
			defaultConfigurationName = Release;
		};
		9B6C3AA623CE6330007B64FE /* Build configuration list for PBXNativeTarget "C0757769_LabAssignment1" */ = {
			isa = XCConfigurationList;
			buildConfigurations = (
				9B6C3AA723CE6330007B64FE /* Debug */,
				9B6C3AA823CE6330007B64FE /* Release */,
			);
			defaultConfigurationIsVisible = 0;
			defaultConfigurationName = Release;
		};
		9B6C3AA923CE6330007B64FE /* Build configuration list for PBXNativeTarget "C0757769_LabAssignment1Tests" */ = {
			isa = XCConfigurationList;
			buildConfigurations = (
				9B6C3AAA23CE6330007B64FE /* Debug */,
				9B6C3AAB23CE6330007B64FE /* Release */,
			);
			defaultConfigurationIsVisible = 0;
			defaultConfigurationName = Release;
		};
		9B6C3AAC23CE6330007B64FE /* Build configuration list for PBXNativeTarget "C0757769_LabAssignment1UITests" */ = {
			isa = XCConfigurationList;
			buildConfigurations = (
				9B6C3AAD23CE6330007B64FE /* Debug */,
				9B6C3AAE23CE6330007B64FE /* Release */,
			);
			defaultConfigurationIsVisible = 0;
			defaultConfigurationName = Release;
		};
/* End XCConfigurationList section */
	};
	rootObject = 9B6C3A7423CE632E007B64FE /* Project object */;
}
